
Microsoft Visual Studio Solution File, Format Version 12.00
# Visual Studio Version 17
VisualStudioVersion = 17.10.35122.118
MinimumVisualStudioVersion = 10.0.40219.1
Project("{FAE04EC0-301F-11D3-BF4B-00C04F79EFBC}") = "Practica_3_API", "Practica_3_API\Practica_3_API.csproj", "{0248F32C-E6AB-463D-88C5-26DBF0B1D3CA}"
EndProject
Global
	GlobalSection(SolutionConfigurationPlatforms) = preSolution
		Debug|Any CPU = Debug|Any CPU
		Release|Any CPU = Release|Any CPU
	EndGlobalSection
	GlobalSection(ProjectConfigurationPlatforms) = postSolution
		{0248F32C-E6AB-463D-88C5-26DBF0B1D3CA}.Debug|Any CPU.ActiveCfg = Debug|Any CPU
		{0248F32C-E6AB-463D-88C5-26DBF0B1D3CA}.Debug|Any CPU.Build.0 = Debug|Any CPU
		{0248F32C-E6AB-463D-88C5-26DBF0B1D3CA}.Release|Any CPU.ActiveCfg = Release|Any CPU
		{0248F32C-E6AB-463D-88C5-26DBF0B1D3CA}.Release|Any CPU.Build.0 = Release|Any CPU
	EndGlobalSection
	GlobalSection(SolutionProperties) = preSolution
		HideSolutionNode = FALSE
	EndGlobalSection
	GlobalSection(ExtensibilityGlobals) = postSolution
		SolutionGuid = {D93C0B71-DBF4-4745-BE09-AA83CD67B51E}
	EndGlobalSection
EndGlobal
